
Microsoft Visual Studio Solution File, Format Version 12.00
# Visual Studio Version 17
VisualStudioVersion = 17.4.33205.214
MinimumVisualStudioVersion = 10.0.40219.1
Project("{9A19103F-16F7-4668-BE54-9A1E7A4F7556}") = "1874", "1874\1874.csproj", "{367E64AE-CC2C-487F-977C-FE79BBA86ACE}"
EndProject
Project("{9A19103F-16F7-4668-BE54-9A1E7A4F7556}") = "2559", "2559\2559.csproj", "{9EDAE655-AFE8-47B3-AEC8-B04ADE784977}"
EndProject
Project("{FAE04EC0-301F-11D3-BF4B-00C04F79EFBC}") = "1260", "1260\1260.csproj", "{BF1C275C-0EB0-484F-B1D6-6A21D2A849FD}"
EndProject
Global
	GlobalSection(SolutionConfigurationPlatforms) = preSolution
		Debug|Any CPU = Debug|Any CPU
		Release|Any CPU = Release|Any CPU
	EndGlobalSection
	GlobalSection(ProjectConfigurationPlatforms) = postSolution
		{367E64AE-CC2C-487F-977C-FE79BBA86ACE}.Debug|Any CPU.ActiveCfg = Debug|Any CPU
		{367E64AE-CC2C-487F-977C-FE79BBA86ACE}.Debug|Any CPU.Build.0 = Debug|Any CPU
		{367E64AE-CC2C-487F-977C-FE79BBA86ACE}.Release|Any CPU.ActiveCfg = Release|Any CPU
		{367E64AE-CC2C-487F-977C-FE79BBA86ACE}.Release|Any CPU.Build.0 = Release|Any CPU
		{9EDAE655-AFE8-47B3-AEC8-B04ADE784977}.Debug|Any CPU.ActiveCfg = Debug|Any CPU
		{9EDAE655-AFE8-47B3-AEC8-B04ADE784977}.Debug|Any CPU.Build.0 = Debug|Any CPU
		{9EDAE655-AFE8-47B3-AEC8-B04ADE784977}.Release|Any CPU.ActiveCfg = Release|Any CPU
		{9EDAE655-AFE8-47B3-AEC8-B04ADE784977}.Release|Any CPU.Build.0 = Release|Any CPU
		{BF1C275C-0EB0-484F-B1D6-6A21D2A849FD}.Debug|Any CPU.ActiveCfg = Debug|Any CPU
		{BF1C275C-0EB0-484F-B1D6-6A21D2A849FD}.Debug|Any CPU.Build.0 = Debug|Any CPU
		{BF1C275C-0EB0-484F-B1D6-6A21D2A849FD}.Release|Any CPU.ActiveCfg = Release|Any CPU
		{BF1C275C-0EB0-484F-B1D6-6A21D2A849FD}.Release|Any CPU.Build.0 = Release|Any CPU
	EndGlobalSection
	GlobalSection(SolutionProperties) = preSolution
		HideSolutionNode = FALSE
	EndGlobalSection
	GlobalSection(ExtensibilityGlobals) = postSolution
		SolutionGuid = {86653C9B-5428-495B-A7C9-05EE15FBAC73}
	EndGlobalSection
EndGlobal
